
Microsoft Visual Studio Solution File, Format Version 12.00
# Visual Studio 15
VisualStudioVersion = 15.0.26228.9
MinimumVisualStudioVersion = 10.0.40219.1
Project("{FAE04EC0-301F-11D3-BF4B-00C04F79EFBC}") = "SportStore.Domain", "SportStore.Domain\SportStore.Domain.csproj", "{6E8E688C-A5B3-419D-8C52-DB55ED5CB587}"
EndProject
Project("{FAE04EC0-301F-11D3-BF4B-00C04F79EFBC}") = "SportStore.WebUI", "SportStore.WebUI\SportStore.WebUI.csproj", "{9E2AEF5A-7E81-4F3F-B1B4-29E72742549B}"
EndProject
Project("{FAE04EC0-301F-11D3-BF4B-00C04F79EFBC}") = "SportStore.UnitTest", "SportStore.UnitTest\SportStore.UnitTest.csproj", "{162500C8-9FFC-4BBC-8227-BEE53E59DDD1}"
EndProject
Global
	GlobalSection(SolutionConfigurationPlatforms) = preSolution
		Debug|Any CPU = Debug|Any CPU
		Release|Any CPU = Release|Any CPU
	EndGlobalSection
	GlobalSection(ProjectConfigurationPlatforms) = postSolution
		{6E8E688C-A5B3-419D-8C52-DB55ED5CB587}.Debug|Any CPU.ActiveCfg = Debug|Any CPU
		{6E8E688C-A5B3-419D-8C52-DB55ED5CB587}.Debug|Any CPU.Build.0 = Debug|Any CPU
		{6E8E688C-A5B3-419D-8C52-DB55ED5CB587}.Release|Any CPU.ActiveCfg = Release|Any CPU
		{6E8E688C-A5B3-419D-8C52-DB55ED5CB587}.Release|Any CPU.Build.0 = Release|Any CPU
		{9E2AEF5A-7E81-4F3F-B1B4-29E72742549B}.Debug|Any CPU.ActiveCfg = Debug|Any CPU
		{9E2AEF5A-7E81-4F3F-B1B4-29E72742549B}.Debug|Any CPU.Build.0 = Debug|Any CPU
		{9E2AEF5A-7E81-4F3F-B1B4-29E72742549B}.Release|Any CPU.ActiveCfg = Release|Any CPU
		{9E2AEF5A-7E81-4F3F-B1B4-29E72742549B}.Release|Any CPU.Build.0 = Release|Any CPU
		{162500C8-9FFC-4BBC-8227-BEE53E59DDD1}.Debug|Any CPU.ActiveCfg = Debug|Any CPU
		{162500C8-9FFC-4BBC-8227-BEE53E59DDD1}.Debug|Any CPU.Build.0 = Debug|Any CPU
		{162500C8-9FFC-4BBC-8227-BEE53E59DDD1}.Release|Any CPU.ActiveCfg = Release|Any CPU
		{162500C8-9FFC-4BBC-8227-BEE53E59DDD1}.Release|Any CPU.Build.0 = Release|Any CPU
	EndGlobalSection
	GlobalSection(SolutionProperties) = preSolution
		HideSolutionNode = FALSE
	EndGlobalSection
EndGlobal
